<?xml version="1.0" encoding="utf-8"?>
<Project ToolsVersion="4.0" xmlns="http://schemas.microsoft.com/developer/msbuild/2003">
  <ItemGroup>
    <ClCompile Include="dllmain.cpp" />
    <ClCompile Include="MessageClient.cpp" />
    <ClCompile Include="Messages.cpp" />
    <ClCompile Include="MemoryHelper.cpp" />
    <ClCompile Include="PipeStream\BinaryReader.cpp">
      <Filter>PipeStream</Filter>
    </ClCompile>
    <ClCompile Include="PipeStream\BinaryWriter.cpp">
      <Filter>PipeStream</Filter>
    </ClCompile>
    <ClCompile Include="PipeStream\MemoryStream.cpp">
      <Filter>PipeStream</Filter>
    </ClCompile>
    <ClCompile Include="PipeStream\NamedPipeServerStream.cpp">
      <Filter>PipeStream</Filter>
    </ClCompile>
    <ClCompile Include="PipeStream\PipeStream.cpp">
      <Filter>PipeStream</Filter>
    </ClCompile>
  </ItemGroup>
  <ItemGroup>
    <ClInclude Include="Messages.hpp" />
    <ClInclude Include="MessageClient.hpp" />
    <ClInclude Include="ReClassNET_Plugin.hpp" />
    <ClInclude Include="PipeStream\BinaryReader.hpp">
      <Filter>PipeStream</Filter>
    </ClInclude>
    <ClInclude Include="PipeStream\BinaryWriter.hpp">
      <Filter>PipeStream</Filter>
    </ClInclude>
    <ClInclude Include="PipeStream\Exceptions.hpp">
      <Filter>PipeStream</Filter>
    </ClInclude>
    <ClInclude Include="PipeStream\MemoryStream.hpp">
      <Filter>PipeStream</Filter>
    </ClInclude>
    <ClInclude Include="PipeStream\NamedPipeServerStream.hpp">
      <Filter>PipeStream</Filter>
    </ClInclude>
    <ClInclude Include="PipeStream\PipeStream.hpp">
      <Filter>PipeStream</Filter>
    </ClInclude>
    <ClInclude Include="PipeStream\SafeHandle.hpp">
      <Filter>PipeStream</Filter>
    </ClInclude>
    <ClInclude Include="PipeStream\Stream.hpp">
      <Filter>PipeStream</Filter>
    </ClInclude>
  </ItemGroup>
  <ItemGroup>
    <Filter Include="PipeStream">
      <UniqueIdentifier>{1e4c323a-61da-425f-b676-5d1d35f0a94e}</UniqueIdentifier>
    </Filter>
  </ItemGroup>
</Project>